{
  "version": 4,
  "terraform_version": "1.9.5",
  "serial": 6,
  "lineage": "04b92ddd-a95e-0a60-b9ca-7e48a1d78551",
  "outputs": {},
  "resources": [
    {
      "mode": "managed",
      "type": "azurerm_resource_group",
      "name": "vinicius-almeida-robot-t1",
      "provider": "provider[\"registry.terraform.io/hashicorp/azurerm\"]",
      "instances": [
        {
          "schema_version": 0,
          "attributes": {
            "id": "/subscriptions/250ae9c3-6c33-4030-b72a-ed22fce22920/resourceGroups/vinicius-almeida-robot-t1",
            "location": "ukwest",
            "managed_by": "",
            "name": "vinicius-almeida-robot-t1",
            "tags": {},
            "timeouts": null
          },
          "sensitive_attributes": [],
          "private": "eyJlMmJmYjczMC1lY2FhLTExZTYtOGY4OC0zNDM2M2JjN2M0YzAiOnsiY3JlYXRlIjo1NDAwMDAwMDAwMDAwLCJkZWxldGUiOjU0MDAwMDAwMDAwMDAsInJlYWQiOjMwMDAwMDAwMDAwMCwidXBkYXRlIjo1NDAwMDAwMDAwMDAwfX0="
        }
      ]
    },
    {
      "mode": "managed",
      "type": "azurerm_service_plan",
      "name": "vinicius-almeida-robot-t1",
      "provider": "provider[\"registry.terraform.io/hashicorp/azurerm\"]",
      "instances": [
        {
          "schema_version": 1,
          "attributes": {
            "app_service_environment_id": "",
            "id": "/subscriptions/250ae9c3-6c33-4030-b72a-ed22fce22920/resourceGroups/vinicius-almeida-robot-t1/providers/Microsoft.Web/serverFarms/vinicius-almeida-robot-t1",
            "kind": "app",
            "location": "ukwest",
            "maximum_elastic_worker_count": 1,
            "name": "vinicius-almeida-robot-t1",
            "os_type": "Windows",
            "per_site_scaling_enabled": false,
            "reserved": false,
            "resource_group_name": "vinicius-almeida-robot-t1",
            "sku_name": "S1",
            "tags": {},
            "timeouts": null,
            "worker_count": 1,
            "zone_balancing_enabled": false
          },
          "sensitive_attributes": [],
          "private": "eyJlMmJmYjczMC1lY2FhLTExZTYtOGY4OC0zNDM2M2JjN2M0YzAiOnsiY3JlYXRlIjozNjAwMDAwMDAwMDAwLCJkZWxldGUiOjM2MDAwMDAwMDAwMDAsInJlYWQiOjMwMDAwMDAwMDAwMCwidXBkYXRlIjozNjAwMDAwMDAwMDAwfSwic2NoZW1hX3ZlcnNpb24iOiIxIn0=",
          "dependencies": [
            "azurerm_resource_group.vinicius-almeida-robot-t1"
          ]
        }
      ]
    },
    {
      "mode": "managed",
      "type": "azurerm_windows_web_app",
      "name": "vinicius-almeida-robot-t1-app",
      "provider": "provider[\"registry.terraform.io/hashicorp/azurerm\"]",
      "instances": [
        {
          "schema_version": 1,
          "attributes": {
            "app_settings": {},
            "auth_settings": [],
            "auth_settings_v2": [],
            "backup": [],
            "client_affinity_enabled": false,
            "client_certificate_enabled": false,
            "client_certificate_exclusion_paths": "",
            "client_certificate_mode": "Required",
            "connection_string": [],
            "custom_domain_verification_id": "A20FD1DD24553625936AB5B41DE2EF7587D48487C39A0BACDD28821A1F09571F",
            "default_hostname": "vinicius-almeida-robot-app.azurewebsites.net",
            "enabled": true,
            "ftp_publish_basic_authentication_enabled": true,
            "hosting_environment_id": "",
            "https_only": false,
            "id": "/subscriptions/250ae9c3-6c33-4030-b72a-ed22fce22920/resourceGroups/vinicius-almeida-robot-t1/providers/Microsoft.Web/sites/vinicius-almeida-robot-app",
            "identity": [],
            "key_vault_reference_identity_id": "SystemAssigned",
            "kind": "app",
            "location": "ukwest",
            "logs": [],
            "name": "vinicius-almeida-robot-app",
            "outbound_ip_address_list": [
              "51.140.205.40",
              "51.140.205.252",
              "51.140.201.51",
              "51.140.244.13",
              "51.140.244.67",
              "51.140.244.83",
              "51.142.183.28",
              "20.254.133.143",
              "51.142.161.55",
              "51.142.167.172",
              "20.254.133.114",
              "20.254.130.217",
              "51.140.210.104"
            ],
            "outbound_ip_addresses": "51.140.205.40,51.140.205.252,51.140.201.51,51.140.244.13,51.140.244.67,51.140.244.83,51.142.183.28,20.254.133.143,51.142.161.55,51.142.167.172,20.254.133.114,20.254.130.217,51.140.210.104",
            "possible_outbound_ip_address_list": [
              "51.140.205.40",
              "51.140.205.252",
              "51.140.201.51",
              "51.140.244.13",
              "51.140.244.67",
              "51.140.244.83",
              "51.142.183.28",
              "20.254.133.143",
              "51.142.161.55",
              "51.142.167.172",
              "20.254.133.114",
              "20.254.130.217",
              "51.140.244.255",
              "51.140.245.26",
              "51.140.245.159",
              "51.140.242.40",
              "51.140.242.77",
              "51.140.242.142",
              "51.140.242.149",
              "51.140.243.53",
              "51.140.243.88",
              "51.140.243.95",
              "51.140.206.213",
              "51.140.247.142",
              "51.140.247.173",
              "51.140.241.234",
              "51.140.247.99",
              "51.140.247.106",
              "51.140.246.31",
              "51.140.246.77",
              "51.142.183.28",
              "20.254.133.143",
              "51.142.161.55",
              "51.142.167.172",
              "20.254.133.114",
              "20.254.130.217",
              "51.140.246.88",
              "51.140.245.127",
              "51.140.243.117",
              "51.140.255.91",
              "51.140.253.237",
              "51.140.249.126",
              "51.140.210.104"
            ],
            "possible_outbound_ip_addresses": "51.140.205.40,51.140.205.252,51.140.201.51,51.140.244.13,51.140.244.67,51.140.244.83,51.142.183.28,20.254.133.143,51.142.161.55,51.142.167.172,20.254.133.114,20.254.130.217,51.140.244.255,51.140.245.26,51.140.245.159,51.140.242.40,51.140.242.77,51.140.242.142,51.140.242.149,51.140.243.53,51.140.243.88,51.140.243.95,51.140.206.213,51.140.247.142,51.140.247.173,51.140.241.234,51.140.247.99,51.140.247.106,51.140.246.31,51.140.246.77,51.142.183.28,20.254.133.143,51.142.161.55,51.142.167.172,20.254.133.114,20.254.130.217,51.140.246.88,51.140.245.127,51.140.243.117,51.140.255.91,51.140.253.237,51.140.249.126,51.140.210.104",
            "public_network_access_enabled": true,
            "resource_group_name": "vinicius-almeida-robot-t1",
            "service_plan_id": "/subscriptions/250ae9c3-6c33-4030-b72a-ed22fce22920/resourceGroups/vinicius-almeida-robot-t1/providers/Microsoft.Web/serverFarms/vinicius-almeida-robot-t1",
            "site_config": [
              {
                "always_on": false,
                "api_definition_url": "",
                "api_management_api_id": "",
                "app_command_line": "",
                "application_stack": [
                  {
                    "current_stack": "",
                    "docker_image_name": "",
                    "docker_registry_password": "",
                    "docker_registry_url": "",
                    "docker_registry_username": "",
                    "dotnet_core_version": "",
                    "dotnet_version": "v4.0",
                    "java_container": "",
                    "java_container_version": "",
                    "java_embedded_server_enabled": false,
                    "java_version": "",
                    "node_version": "",
                    "php_version": "5.6",
                    "python": false,
                    "tomcat_version": ""
                  }
                ],
                "auto_heal_setting": [],
                "container_registry_managed_identity_client_id": "",
                "container_registry_use_managed_identity": false,
                "cors": [],
                "default_documents": [
                  "Default.htm",
                  "Default.html",
                  "Default.asp",
                  "index.htm",
                  "index.html",
                  "iisstart.htm",
                  "default.aspx",
                  "index.php",
                  "hostingstart.html"
                ],
                "detailed_error_logging_enabled": false,
                "ftps_state": "Disabled",
                "handler_mapping": [],
                "health_check_eviction_time_in_min": 0,
                "health_check_path": "",
                "http2_enabled": false,
                "ip_restriction": [],
                "ip_restriction_default_action": "Allow",
                "linux_fx_version": "",
                "load_balancing_mode": "LeastRequests",
                "local_mysql_enabled": false,
                "managed_pipeline_mode": "Integrated",
                "minimum_tls_version": "1.2",
                "remote_debugging_enabled": false,
                "remote_debugging_version": "VS2022",
                "scm_ip_restriction": [],
                "scm_ip_restriction_default_action": "Allow",
                "scm_minimum_tls_version": "1.2",
                "scm_type": "None",
                "scm_use_main_ip_restriction": false,
                "use_32_bit_worker": true,
                "virtual_application": [],
                "vnet_route_all_enabled": false,
                "websockets_enabled": false,
                "windows_fx_version": "",
                "worker_count": 1
              }
            ],
            "site_credential": [
              {
                "name": "$vinicius-almeida-robot-app",
                "password": "Ym0oowaLYdrswK8EPTaPJtoukjSxyW7N4aYBXAqQmujrQqTMZJq4zraqpebT"
              }
            ],
            "sticky_settings": [],
            "storage_account": [],
            "tags": {},
            "timeouts": null,
            "virtual_network_subnet_id": "",
            "webdeploy_publish_basic_authentication_enabled": true,
            "zip_deploy_file": ""
          },
          "sensitive_attributes": [
            [
              {
                "type": "get_attr",
                "value": "custom_domain_verification_id"
              }
            ],
            [
              {
                "type": "get_attr",
                "value": "site_credential"
              }
            ],
            [
              {
                "type": "get_attr",
                "value": "site_config"
              },
              {
                "type": "index",
                "value": {
                  "value": 0,
                  "type": "number"
                }
              },
              {
                "type": "get_attr",
                "value": "application_stack"
              },
              {
                "type": "index",
                "value": {
                  "value": 0,
                  "type": "number"
                }
              },
              {
                "type": "get_attr",
                "value": "docker_registry_password"
              }
            ]
          ],
          "private": "eyJlMmJmYjczMC1lY2FhLTExZTYtOGY4OC0zNDM2M2JjN2M0YzAiOnsiY3JlYXRlIjoxODAwMDAwMDAwMDAwLCJkZWxldGUiOjE4MDAwMDAwMDAwMDAsInJlYWQiOjMwMDAwMDAwMDAwMCwidXBkYXRlIjoxODAwMDAwMDAwMDAwfSwic2NoZW1hX3ZlcnNpb24iOiIxIn0=",
          "dependencies": [
            "azurerm_resource_group.vinicius-almeida-robot-t1",
            "azurerm_service_plan.vinicius-almeida-robot-t1"
          ]
        }
      ]
    }
  ],
  "check_results": null
}
